
Microsoft Visual Studio Solution File, Format Version 12.00
# Visual Studio Version 16
VisualStudioVersion = 16.0.32228.343
MinimumVisualStudioVersion = 10.0.40219.1
Project("{FAE04EC0-301F-11D3-BF4B-00C04F79EFBC}") = "EmployeeWageComputation", "EmployeeWageComputation\EmployeeWageComputation.csproj", "{9CA57C2B-3666-4F6E-B02C-3FAC141E812D}"
EndProject
Global
	GlobalSection(SolutionConfigurationPlatforms) = preSolution
		Debug|Any CPU = Debug|Any CPU
		Release|Any CPU = Release|Any CPU
	EndGlobalSection
	GlobalSection(ProjectConfigurationPlatforms) = postSolution
		{9CA57C2B-3666-4F6E-B02C-3FAC141E812D}.Debug|Any CPU.ActiveCfg = Debug|Any CPU
		{9CA57C2B-3666-4F6E-B02C-3FAC141E812D}.Debug|Any CPU.Build.0 = Debug|Any CPU
		{9CA57C2B-3666-4F6E-B02C-3FAC141E812D}.Release|Any CPU.ActiveCfg = Release|Any CPU
		{9CA57C2B-3666-4F6E-B02C-3FAC141E812D}.Release|Any CPU.Build.0 = Release|Any CPU
	EndGlobalSection
	GlobalSection(SolutionProperties) = preSolution
		HideSolutionNode = FALSE
	EndGlobalSection
	GlobalSection(ExtensibilityGlobals) = postSolution
		SolutionGuid = {6B7505F1-2422-4AF3-AB4B-2409D68CCF2C}
	EndGlobalSection
EndGlobal
